// !$*UTF8*$!
{
	archiveVersion = 1;
	classes = {
	};
	objectVersion = 50;
	objects = {

/* Begin PBXBuildFile section */
		56552B9321A406EB00E5F903 /* AppDelegate.swift in Sources */ = {isa = PBXBuildFile; fileRef = 56552B9221A406EB00E5F903 /* AppDelegate.swift */; };
		56552B9521A406EB00E5F903 /* ViewController.swift in Sources */ = {isa = PBXBuildFile; fileRef = 56552B9421A406EB00E5F903 /* ViewController.swift */; };
		56552B9821A406EB00E5F903 /* Main.storyboard in Resources */ = {isa = PBXBuildFile; fileRef = 56552B9621A406EB00E5F903 /* Main.storyboard */; };
		56552B9A21A406F000E5F903 /* Assets.xcassets in Resources */ = {isa = PBXBuildFile; fileRef = 56552B9921A406F000E5F903 /* Assets.xcassets */; };
		56552B9D21A406F000E5F903 /* LaunchScreen.storyboard in Resources */ = {isa = PBXBuildFile; fileRef = 56552B9B21A406F000E5F903 /* LaunchScreen.storyboard */; };
		56552BA621A407F700E5F903 /* CategoryCollectionCell.swift in Sources */ = {isa = PBXBuildFile; fileRef = 56552BA421A407F600E5F903 /* CategoryCollectionCell.swift */; };
		56552BA721A407F700E5F903 /* CategoryCollectionCell.xib in Resources */ = {isa = PBXBuildFile; fileRef = 56552BA521A407F600E5F903 /* CategoryCollectionCell.xib */; };
/* End PBXBuildFile section */

/* Begin PBXFileReference section */
		56552B8F21A406EB00E5F903 /* UICollectionViewSnap.app */ = {isa = PBXFileReference; explicitFileType = wrapper.application; includeInIndex = 0; path = UICollectionViewSnap.app; sourceTree = BUILT_PRODUCTS_DIR; };
		56552B9221A406EB00E5F903 /* AppDelegate.swift */ = {isa = PBXFileReference; lastKnownFileType = sourcecode.swift; path = AppDelegate.swift; sourceTree = "<group>"; };
		56552B9421A406EB00E5F903 /* ViewController.swift */ = {isa = PBXFileReference; lastKnownFileType = sourcecode.swift; path = ViewController.swift; sourceTree = "<group>"; };
		56552B9721A406EB00E5F903 /* Base */ = {isa = PBXFileReference; lastKnownFileType = file.storyboard; name = Base; path = Base.lproj/Main.storyboard; sourceTree = "<group>"; };
		56552B9921A406F000E5F903 /* Assets.xcassets */ = {isa = PBXFileReference; lastKnownFileType = folder.assetcatalog; path = Assets.xcassets; sourceTree = "<group>"; };
		56552B9C21A406F000E5F903 /* Base */ = {isa = PBXFileReference; lastKnownFileType = file.storyboard; name = Base; path = Base.lproj/LaunchScreen.storyboard; sourceTree = "<group>"; };
		56552B9E21A406F000E5F903 /* Info.plist */ = {isa = PBXFileReference; lastKnownFileType = text.plist.xml; path = Info.plist; sourceTree = "<group>"; };
		56552BA421A407F600E5F903 /* CategoryCollectionCell.swift */ = {isa = PBXFileReference; fileEncoding = 4; lastKnownFileType = sourcecode.swift; path = CategoryCollectionCell.swift; sourceTree = "<group>"; };
		56552BA521A407F600E5F903 /* CategoryCollectionCell.xib */ = {isa = PBXFileReference; fileEncoding = 4; lastKnownFileType = file.xib; path = CategoryCollectionCell.xib; sourceTree = "<group>"; };
/* End PBXFileReference section */

/* Begin PBXFrameworksBuildPhase section */
		56552B8C21A406EB00E5F903 /* Frameworks */ = {
			isa = PBXFrameworksBuildPhase;
			buildActionMask = 2147483647;
			files = (
			);
			runOnlyForDeploymentPostprocessing = 0;
		};
/* End PBXFrameworksBuildPhase section */

/* Begin PBXGroup section */
		56552B8621A406EB00E5F903 = {
			isa = PBXGroup;
			children = (
				56552B9121A406EB00E5F903 /* UICollectionViewSnap */,
				56552B9021A406EB00E5F903 /* Products */,
			);
			sourceTree = "<group>";
		};
		56552B9021A406EB00E5F903 /* Products */ = {
			isa = PBXGroup;
			children = (
				56552B8F21A406EB00E5F903 /* UICollectionViewSnap.app */,
			);
			name = Products;
			sourceTree = "<group>";
		};
		56552B9121A406EB00E5F903 /* UICollectionViewSnap */ = {
			isa = PBXGroup;
			children = (
				56552BA421A407F600E5F903 /* CategoryCollectionCell.swift */,
				56552BA521A407F600E5F903 /* CategoryCollectionCell.xib */,
				56552B9221A406EB00E5F903 /* AppDelegate.swift */,
				56552B9421A406EB00E5F903 /* ViewController.swift */,
				56552B9621A406EB00E5F903 /* Main.storyboard */,
				56552B9921A406F000E5F903 /* Assets.xcassets */,
				56552B9B21A406F000E5F903 /* LaunchScreen.storyboard */,
				56552B9E21A406F000E5F903 /* Info.plist */,
			);
			path = UICollectionViewSnap;
			sourceTree = "<group>";
		};
/* End PBXGroup section */

/* Begin PBXNativeTarget section */
		56552B8E21A406EB00E5F903 /* UICollectionViewSnap */ = {
			isa = PBXNativeTarget;
			buildConfigurationList = 56552BA121A406F000E5F903 /* Build configuration list for PBXNativeTarget "UICollectionViewSnap" */;
			buildPhases = (
				56552B8B21A406EB00E5F903 /* Sources */,
				56552B8C21A406EB00E5F903 /* Frameworks */,
				56552B8D21A406EB00E5F903 /* Resources */,
			);
			buildRules = (
			);
			dependencies = (
			);
			name = UICollectionViewSnap;
			productName = UICollectionViewSnap;
			productReference = 56552B8F21A406EB00E5F903 /* UICollectionViewSnap.app */;
			productType = "com.apple.product-type.application";
		};
/* End PBXNativeTarget section */

/* Begin PBXProject section */
		56552B8721A406EB00E5F903 /* Project object */ = {
			isa = PBXProject;
			attributes = {
				LastSwiftUpdateCheck = 0940;
				LastUpgradeCheck = 0940;
				ORGANIZATIONNAME = "Shantaram Kokate";
				TargetAttributes = {
					56552B8E21A406EB00E5F903 = {
						CreatedOnToolsVersion = 9.4;
					};
				};
			};
			buildConfigurationList = 56552B8A21A406EB00E5F903 /* Build configuration list for PBXProject "UICollectionViewSnap" */;
			compatibilityVersion = "Xcode 9.3";
			developmentRegion = en;
			hasScannedForEncodings = 0;
			knownRegions = (
				en,
				Base,
			);
			mainGroup = 56552B8621A406EB00E5F903;
			productRefGroup = 56552B9021A406EB00E5F903 /* Products */;
			projectDirPath = "";
			projectRoot = "";
			targets = (
				56552B8E21A406EB00E5F903 /* UICollectionViewSnap */,
			);
		};
/* End PBXProject section */

/* Begin PBXResourcesBuildPhase section */
		56552B8D21A406EB00E5F903 /* Resources */ = {
			isa = PBXResourcesBuildPhase;
			buildActionMask = 2147483647;
			files = (
				56552B9D21A406F000E5F903 /* LaunchScreen.storyboard in Resources */,
				56552BA721A407F700E5F903 /* CategoryCollectionCell.xib in Resources */,
				56552B9A21A406F000E5F903 /* Assets.xcassets in Resources */,
				56552B9821A406EB00E5F903 /* Main.storyboard in Resources */,
			);
			runOnlyForDeploymentPostprocessing = 0;
		};
/* End PBXResourcesBuildPhase section */

/* Begin PBXSourcesBuildPhase section */
		56552B8B21A406EB00E5F903 /* Sources */ = {
			isa = PBXSourcesBuildPhase;
			buildActionMask = 2147483647;
			files = (
				56552BA621A407F700E5F903 /* CategoryCollectionCell.swift in Sources */,
				56552B9521A406EB00E5F903 /* ViewController.swift in Sources */,
				56552B9321A406EB00E5F903 /* AppDelegate.swift in Sources */,
			);
			runOnlyForDeploymentPostprocessing = 0;
		};
/* End PBXSourcesBuildPhase section */

/* Begin PBXVariantGroup section */
		56552B9621A406EB00E5F903 /* Main.storyboard */ = {
			isa = PBXVariantGroup;
			children = (
				56552B9721A406EB00E5F903 /* Base */,
			);
			name = Main.storyboard;
			sourceTree = "<group>";
		};
		56552B9B21A406F000E5F903 /* LaunchScreen.storyboard */ = {
			isa = PBXVariantGroup;
			children = (
				56552B9C21A406F000E5F903 /* Base */,
			);
			name = LaunchScreen.storyboard;
			sourceTree = "<group>";
		};
/* End PBXVariantGroup section */

/* Begin XCBuildConfiguration section */
		56552B9F21A406F000E5F903 /* Debug */ = {
			isa = XCBuildConfiguration;
			buildSettings = {
				ALWAYS_SEARCH_USER_PATHS = NO;
				CLANG_ANALYZER_NONNULL = YES;
				CLANG_ANALYZER_NUMBER_OBJECT_CONVERSION = YES_AGGRESSIVE;
				CLANG_CXX_LANGUAGE_STANDARD = "gnu++14";
				CLANG_CXX_LIBRARY = "libc++";
				CLANG_ENABLE_MODULES = YES;
				CLANG_ENABLE_OBJC_ARC = YES;
				CLANG_ENABLE_OBJC_WEAK = YES;
				CLANG_WARN_BLOCK_CAPTURE_AUTORELEASING = YES;
				CLANG_WARN_BOOL_CONVERSION = YES;
				CLANG_WARN_COMMA = YES;
				CLANG_WARN_CONSTANT_CONVERSION = YES;
				CLANG_WARN_DEPRECATED_OBJC_IMPLEMENTATIONS = YES;
				CLANG_WARN_DIRECT_OBJC_ISA_USAGE = YES_ERROR;
				CLANG_WARN_DOCUMENTATION_COMMENTS = YES;
				CLANG_WARN_EMPTY_BODY = YES;
				CLANG_WARN_ENUM_CONVERSION = YES;
				CLANG_WARN_INFINITE_RECURSION = YES;
				CLANG_WARN_INT_CONVERSION = YES;
				CLANG_WARN_NON_LITERAL_NULL_CONVERSION = YES;
				CLANG_WARN_OBJC_IMPLICIT_RETAIN_SELF = YES;
				CLANG_WARN_OBJC_LITERAL_CONVERSION = YES;
				CLANG_WARN_OBJC_ROOT_CLASS = YES_ERROR;
				CLANG_WARN_RANGE_LOOP_ANALYSIS = YES;
				CLANG_WARN_STRICT_PROTOTYPES = YES;
				CLANG_WARN_SUSPICIOUS_MOVE = YES;
				CLANG_WARN_UNGUARDED_AVAILABILITY = YES_AGGRESSIVE;
				CLANG_WARN_UNREACHABLE_CODE = YES;
				CLANG_WARN__DUPLICATE_METHOD_MATCH = YES;
				CODE_SIGN_IDENTITY = "iPhone Developer";
				COPY_PHASE_STRIP = NO;
				DEBUG_INFORMATION_FORMAT = dwarf;
				ENABLE_STRICT_OBJC_MSGSEND = YES;
				ENABLE_TESTABILITY = YES;
				GCC_C_LANGUAGE_STANDARD = gnu11;
				GCC_DYNAMIC_NO_PIC = NO;
				GCC_NO_COMMON_BLOCKS = YES;
				GCC_OPTIMIZATION_LEVEL = 0;
				GCC_PREPROCESSOR_DEFINITIONS = (
					"DEBUG=1",
					"$(inherited)",
				);
				GCC_WARN_64_TO_32_BIT_CONVERSION = YES;
				GCC_WARN_ABOUT_RETURN_TYPE = YES_ERROR;
				GCC_WARN_UNDECLARED_SELECTOR = YES;
				GCC_WARN_UNINITIALIZED_AUTOS = YES_AGGRESSIVE;
				GCC_WARN_UNUSED_FUNCTION = YES;
				GCC_WARN_UNUSED_VARIABLE = YES;
				IPHONEOS_DEPLOYMENT_TARGET = 11.4;
				MTL_ENABLE_DEBUG_INFO = YES;
				ONLY_ACTIVE_ARCH = YES;
				SDKROOT = iphoneos;
				SWIFT_ACTIVE_COMPILATION_CONDITIONS = DEBUG;
				SWIFT_OPTIMIZATION_LEVEL = "-Onone";
			};
			name = Debug;
		};
		56552BA021A406F000E5F903 /* Release */ = {
			isa = XCBuildConfiguration;
			buildSettings = {
				ALWAYS_SEARCH_USER_PATHS = NO;
				CLANG_ANALYZER_NONNULL = YES;
				CLANG_ANALYZER_NUMBER_OBJECT_CONVERSION = YES_AGGRESSIVE;
				CLANG_CXX_LANGUAGE_STANDARD = "gnu++14";
				CLANG_CXX_LIBRARY = "libc++";
				CLANG_ENABLE_MODULES = YES;
				CLANG_ENABLE_OBJC_ARC = YES;
				CLANG_ENABLE_OBJC_WEAK = YES;
				CLANG_WARN_BLOCK_CAPTURE_AUTORELEASING = YES;
				CLANG_WARN_BOOL_CONVERSION = YES;
				CLANG_WARN_COMMA = YES;
				CLANG_WARN_CONSTANT_CONVERSION = YES;
				CLANG_WARN_DEPRECATED_OBJC_IMPLEMENTATIONS = YES;
				CLANG_WARN_DIRECT_OBJC_ISA_USAGE = YES_ERROR;
				CLANG_WARN_DOCUMENTATION_COMMENTS = YES;
				CLANG_WARN_EMPTY_BODY = YES;
				CLANG_WARN_ENUM_CONVERSION = YES;
				CLANG_WARN_INFINITE_RECURSION = YES;
				CLANG_WARN_INT_CONVERSION = YES;
				CLANG_WARN_NON_LITERAL_NULL_CONVERSION = YES;
				CLANG_WARN_OBJC_IMPLICIT_RETAIN_SELF = YES;
				CLANG_WARN_OBJC_LITERAL_CONVERSION = YES;
				CLANG_WARN_OBJC_ROOT_CLASS = YES_ERROR;
				CLANG_WARN_RANGE_LOOP_ANALYSIS = YES;
				CLANG_WARN_STRICT_PROTOTYPES = YES;
				CLANG_WARN_SUSPICIOUS_MOVE = YES;
				CLANG_WARN_UNGUARDED_AVAILABILITY = YES_AGGRESSIVE;
				CLANG_WARN_UNREACHABLE_CODE = YES;
				CLANG_WARN__DUPLICATE_METHOD_MATCH = YES;
				CODE_SIGN_IDENTITY = "iPhone Developer";
				COPY_PHASE_STRIP = NO;
				DEBUG_INFORMATION_FORMAT = "dwarf-with-dsym";
				ENABLE_NS_ASSERTIONS = NO;
				ENABLE_STRICT_OBJC_MSGSEND = YES;
				GCC_C_LANGUAGE_STANDARD = gnu11;
				GCC_NO_COMMON_BLOCKS = YES;
				GCC_WARN_64_TO_32_BIT_CONVERSION = YES;
				GCC_WARN_ABOUT_RETURN_TYPE = YES_ERROR;
				GCC_WARN_UNDECLARED_SELECTOR = YES;
				GCC_WARN_UNINITIALIZED_AUTOS = YES_AGGRESSIVE;
				GCC_WARN_UNUSED_FUNCTION = YES;
				GCC_WARN_UNUSED_VARIABLE = YES;
				IPHONEOS_DEPLOYMENT_TARGET = 11.4;
				MTL_ENABLE_DEBUG_INFO = NO;
				SDKROOT = iphoneos;
				SWIFT_COMPILATION_MODE = wholemodule;
				SWIFT_OPTIMIZATION_LEVEL = "-O";
				VALIDATE_PRODUCT = YES;
			};
			name = Release;
		};
		56552BA221A406F000E5F903 /* Debug */ = {
			isa = XCBuildConfiguration;
			buildSettings = {
				ASSETCATALOG_COMPILER_APPICON_NAME = AppIcon;
				CODE_SIGN_STYLE = Automatic;
				DEVELOPMENT_TEAM = GA4BAP9K3F;
				INFOPLIST_FILE = UICollectionViewSnap/Info.plist;
				LD_RUNPATH_SEARCH_PATHS = (
					"$(inherited)",
					"@executable_path/Frameworks",
				);
				PRODUCT_BUNDLE_IDENTIFIER = www.www.abc;
				PRODUCT_NAME = "$(TARGET_NAME)";
				SWIFT_VERSION = 4.0;
				TARGETED_DEVICE_FAMILY = "1,2";
			};
			name = Debug;
		};
		56552BA321A406F000E5F903 /* Release */ = {
			isa = XCBuildConfiguration;
			buildSettings = {
				ASSETCATALOG_COMPILER_APPICON_NAME = AppIcon;
				CODE_SIGN_STYLE = Automatic;
				DEVELOPMENT_TEAM = GA4BAP9K3F;
				INFOPLIST_FILE = UICollectionViewSnap/Info.plist;
				LD_RUNPATH_SEARCH_PATHS = (
					"$(inherited)",
					"@executable_path/Frameworks",
				);
				PRODUCT_BUNDLE_IDENTIFIER = www.www.abc;
				PRODUCT_NAME = "$(TARGET_NAME)";
				SWIFT_VERSION = 4.0;
				TARGETED_DEVICE_FAMILY = "1,2";
			};
			name = Release;
		};
/* End XCBuildConfiguration section */

/* Begin XCConfigurationList section */
		56552B8A21A406EB00E5F903 /* Build configuration list for PBXProject "UICollectionViewSnap" */ = {
			isa = XCConfigurationList;
			buildConfigurations = (
				56552B9F21A406F000E5F903 /* Debug */,
				56552BA021A406F000E5F903 /* Release */,
			);
			defaultConfigurationIsVisible = 0;
			defaultConfigurationName = Release;
		};
		56552BA121A406F000E5F903 /* Build configuration list for PBXNativeTarget "UICollectionViewSnap" */ = {
			isa = XCConfigurationList;
			buildConfigurations = (
				56552BA221A406F000E5F903 /* Debug */,
				56552BA321A406F000E5F903 /* Release */,
			);
			defaultConfigurationIsVisible = 0;
			defaultConfigurationName = Release;
		};
/* End XCConfigurationList section */
	};
	rootObject = 56552B8721A406EB00E5F903 /* Project object */;
}
